
Microsoft Visual Studio Solution File, Format Version 12.00
# Visual Studio Version 16
VisualStudioVersion = 16.0.31205.134
MinimumVisualStudioVersion = 10.0.40219.1
Project("{FAE04EC0-301F-11D3-BF4B-00C04F79EFBC}") = "BFSearchExample", "BFSearchExample\BFSearchExample.csproj", "{EABDC82D-D5C1-4FBD-8743-61D9BB90D338}"
EndProject
Project("{FAE04EC0-301F-11D3-BF4B-00C04F79EFBC}") = "TestAppForTagGameSolve", "TestAppForTagGameSolve\TestAppForTagGameSolve.csproj", "{5AE02784-3EBD-4074-8095-E1048702B0F6}"
EndProject
Global
	GlobalSection(SolutionConfigurationPlatforms) = preSolution
		Debug|Any CPU = Debug|Any CPU
		Release|Any CPU = Release|Any CPU
	EndGlobalSection
	GlobalSection(ProjectConfigurationPlatforms) = postSolution
		{EABDC82D-D5C1-4FBD-8743-61D9BB90D338}.Debug|Any CPU.ActiveCfg = Debug|Any CPU
		{EABDC82D-D5C1-4FBD-8743-61D9BB90D338}.Debug|Any CPU.Build.0 = Debug|Any CPU
		{EABDC82D-D5C1-4FBD-8743-61D9BB90D338}.Release|Any CPU.ActiveCfg = Release|Any CPU
		{EABDC82D-D5C1-4FBD-8743-61D9BB90D338}.Release|Any CPU.Build.0 = Release|Any CPU
		{5AE02784-3EBD-4074-8095-E1048702B0F6}.Debug|Any CPU.ActiveCfg = Debug|Any CPU
		{5AE02784-3EBD-4074-8095-E1048702B0F6}.Debug|Any CPU.Build.0 = Debug|Any CPU
		{5AE02784-3EBD-4074-8095-E1048702B0F6}.Release|Any CPU.ActiveCfg = Release|Any CPU
		{5AE02784-3EBD-4074-8095-E1048702B0F6}.Release|Any CPU.Build.0 = Release|Any CPU
	EndGlobalSection
	GlobalSection(SolutionProperties) = preSolution
		HideSolutionNode = FALSE
	EndGlobalSection
	GlobalSection(ExtensibilityGlobals) = postSolution
		SolutionGuid = {D62519EC-E5F6-4671-9A00-B48426B15980}
	EndGlobalSection
EndGlobal
